
Microsoft Visual Studio Solution File, Format Version 11.00
# Visual Studio 2010
Project("{FAE04EC0-301F-11D3-BF4B-00C04F79EFBC}") = "Xna.Helpers", "Xna.Helpers\Xna.Helpers.csproj", "{7F93A796-1722-4049-954C-C610738CC185}"
EndProject
Global
	GlobalSection(SolutionConfigurationPlatforms) = preSolution
		Debug|x86 = Debug|x86
		Release|x86 = Release|x86
	EndGlobalSection
	GlobalSection(ProjectConfigurationPlatforms) = postSolution
		{7F93A796-1722-4049-954C-C610738CC185}.Debug|x86.ActiveCfg = Debug|x86
		{7F93A796-1722-4049-954C-C610738CC185}.Debug|x86.Build.0 = Debug|x86
		{7F93A796-1722-4049-954C-C610738CC185}.Release|x86.ActiveCfg = Release|x86
		{7F93A796-1722-4049-954C-C610738CC185}.Release|x86.Build.0 = Release|x86
	EndGlobalSection
	GlobalSection(SolutionProperties) = preSolution
		HideSolutionNode = FALSE
	EndGlobalSection
EndGlobal
